
Microsoft Visual Studio Solution File, Format Version 12.00
# Visual Studio Version 17
VisualStudioVersion = 17.12.35527.113
MinimumVisualStudioVersion = 10.0.40219.1
Project("{FAE04EC0-301F-11D3-BF4B-00C04F79EFBC}") = "AutoCadShared", "AutoCadShared\AutoCadShared.csproj", "{B6073336-326A-4532-9691-73D36C16AC86}"
EndProject
Project("{FAE04EC0-301F-11D3-BF4B-00C04F79EFBC}") = "AutoCadLib", "AutoCadLib\AutoCadLib.csproj", "{7BD15C9B-B1DA-4E80-B017-45CFB4B098B3}"
EndProject
Project("{FAE04EC0-301F-11D3-BF4B-00C04F79EFBC}") = "PlotRaceway", "PlotRaceway\PlotRaceway.csproj", "{D7095D9A-1CE6-4DA2-BCAD-C9E72A296A33}"
EndProject
Project("{FAE04EC0-301F-11D3-BF4B-00C04F79EFBC}") = "RacewayDataLib", "RacewayDataLib\RacewayDataLib.csproj", "{5F4EFB05-8239-457A-9E0B-0DBBEA9061D6}"
EndProject
Project("{FAE04EC0-301F-11D3-BF4B-00C04F79EFBC}") = "TestProject", "TestProject\TestProject.csproj", "{D574F1E5-63A2-4B9E-87CA-3852138FC45A}"
EndProject
Project("{FAE04EC0-301F-11D3-BF4B-00C04F79EFBC}") = "AcadTest", "AcadTest\AcadTest.csproj", "{3EE90DB8-6A54-4276-9628-6ED1A8E278BD}"
EndProject
Project("{FAE04EC0-301F-11D3-BF4B-00C04F79EFBC}") = "AcadRun", "AcadRun\AcadRun.csproj", "{D0DCB358-EDFE-434F-91CD-DED4AACD1E5E}"
EndProject
Project("{FAE04EC0-301F-11D3-BF4B-00C04F79EFBC}") = "AcadCommon", "AcadCommon\AcadCommon.csproj", "{407C08BD-115A-40C7-AC35-DDB9CEE7B04F}"
EndProject
Project("{FAE04EC0-301F-11D3-BF4B-00C04F79EFBC}") = "TestConsoleApp", "TestConsoleApp\TestConsoleApp.csproj", "{FB3D1081-34AE-49D9-8490-5478E0FCEC12}"
EndProject
Global
	GlobalSection(SolutionConfigurationPlatforms) = preSolution
		Debug|Any CPU = Debug|Any CPU
		Release|Any CPU = Release|Any CPU
	EndGlobalSection
	GlobalSection(ProjectConfigurationPlatforms) = postSolution
		{B6073336-326A-4532-9691-73D36C16AC86}.Debug|Any CPU.ActiveCfg = Debug|Any CPU
		{B6073336-326A-4532-9691-73D36C16AC86}.Debug|Any CPU.Build.0 = Debug|Any CPU
		{B6073336-326A-4532-9691-73D36C16AC86}.Release|Any CPU.ActiveCfg = Release|Any CPU
		{B6073336-326A-4532-9691-73D36C16AC86}.Release|Any CPU.Build.0 = Release|Any CPU
		{7BD15C9B-B1DA-4E80-B017-45CFB4B098B3}.Debug|Any CPU.ActiveCfg = Debug|Any CPU
		{7BD15C9B-B1DA-4E80-B017-45CFB4B098B3}.Debug|Any CPU.Build.0 = Debug|Any CPU
		{7BD15C9B-B1DA-4E80-B017-45CFB4B098B3}.Release|Any CPU.ActiveCfg = Release|Any CPU
		{7BD15C9B-B1DA-4E80-B017-45CFB4B098B3}.Release|Any CPU.Build.0 = Release|Any CPU
		{D7095D9A-1CE6-4DA2-BCAD-C9E72A296A33}.Debug|Any CPU.ActiveCfg = Debug|Any CPU
		{D7095D9A-1CE6-4DA2-BCAD-C9E72A296A33}.Debug|Any CPU.Build.0 = Debug|Any CPU
		{D7095D9A-1CE6-4DA2-BCAD-C9E72A296A33}.Release|Any CPU.ActiveCfg = Release|Any CPU
		{D7095D9A-1CE6-4DA2-BCAD-C9E72A296A33}.Release|Any CPU.Build.0 = Release|Any CPU
		{5F4EFB05-8239-457A-9E0B-0DBBEA9061D6}.Debug|Any CPU.ActiveCfg = Debug|Any CPU
		{5F4EFB05-8239-457A-9E0B-0DBBEA9061D6}.Debug|Any CPU.Build.0 = Debug|Any CPU
		{5F4EFB05-8239-457A-9E0B-0DBBEA9061D6}.Release|Any CPU.ActiveCfg = Release|Any CPU
		{5F4EFB05-8239-457A-9E0B-0DBBEA9061D6}.Release|Any CPU.Build.0 = Release|Any CPU
		{D574F1E5-63A2-4B9E-87CA-3852138FC45A}.Debug|Any CPU.ActiveCfg = Debug|Any CPU
		{D574F1E5-63A2-4B9E-87CA-3852138FC45A}.Debug|Any CPU.Build.0 = Debug|Any CPU
		{D574F1E5-63A2-4B9E-87CA-3852138FC45A}.Release|Any CPU.ActiveCfg = Release|Any CPU
		{D574F1E5-63A2-4B9E-87CA-3852138FC45A}.Release|Any CPU.Build.0 = Release|Any CPU
		{3EE90DB8-6A54-4276-9628-6ED1A8E278BD}.Debug|Any CPU.ActiveCfg = Debug|Any CPU
		{3EE90DB8-6A54-4276-9628-6ED1A8E278BD}.Debug|Any CPU.Build.0 = Debug|Any CPU
		{3EE90DB8-6A54-4276-9628-6ED1A8E278BD}.Release|Any CPU.ActiveCfg = Release|Any CPU
		{3EE90DB8-6A54-4276-9628-6ED1A8E278BD}.Release|Any CPU.Build.0 = Release|Any CPU
		{D0DCB358-EDFE-434F-91CD-DED4AACD1E5E}.Debug|Any CPU.ActiveCfg = Debug|Any CPU
		{D0DCB358-EDFE-434F-91CD-DED4AACD1E5E}.Debug|Any CPU.Build.0 = Debug|Any CPU
		{D0DCB358-EDFE-434F-91CD-DED4AACD1E5E}.Release|Any CPU.ActiveCfg = Release|Any CPU
		{D0DCB358-EDFE-434F-91CD-DED4AACD1E5E}.Release|Any CPU.Build.0 = Release|Any CPU
		{407C08BD-115A-40C7-AC35-DDB9CEE7B04F}.Debug|Any CPU.ActiveCfg = Debug|Any CPU
		{407C08BD-115A-40C7-AC35-DDB9CEE7B04F}.Debug|Any CPU.Build.0 = Debug|Any CPU
		{407C08BD-115A-40C7-AC35-DDB9CEE7B04F}.Release|Any CPU.ActiveCfg = Release|Any CPU
		{407C08BD-115A-40C7-AC35-DDB9CEE7B04F}.Release|Any CPU.Build.0 = Release|Any CPU
		{FB3D1081-34AE-49D9-8490-5478E0FCEC12}.Debug|Any CPU.ActiveCfg = Debug|Any CPU
		{FB3D1081-34AE-49D9-8490-5478E0FCEC12}.Debug|Any CPU.Build.0 = Debug|Any CPU
		{FB3D1081-34AE-49D9-8490-5478E0FCEC12}.Release|Any CPU.ActiveCfg = Release|Any CPU
		{FB3D1081-34AE-49D9-8490-5478E0FCEC12}.Release|Any CPU.Build.0 = Release|Any CPU
	EndGlobalSection
	GlobalSection(SolutionProperties) = preSolution
		HideSolutionNode = FALSE
	EndGlobalSection
	GlobalSection(ExtensibilityGlobals) = postSolution
		SolutionGuid = {903EDE1A-37E4-4FFF-BE32-29B359046783}
	EndGlobalSection
EndGlobal
